// !$*UTF8*$!
{
	archiveVersion = 1;
	classes = {
	};
	objectVersion = 52;
	objects = {

/* Begin PBXBuildFile section */
		8607F89B270042B100770627 /* TaskObject.swift in Sources */ = {isa = PBXBuildFile; fileRef = 8607F89A270042B100770627 /* TaskObject.swift */; };
		8607F89D270065F300770627 /* TaskListView.swift in Sources */ = {isa = PBXBuildFile; fileRef = 8607F89C270065F300770627 /* TaskListView.swift */; };
		860BA67426FEC4BE00504561 /* Task.swift in Sources */ = {isa = PBXBuildFile; fileRef = 860BA67326FEC4BE00504561 /* Task.swift */; };
		860BA67726FEEFBA00504561 /* TaskViewModel.swift in Sources */ = {isa = PBXBuildFile; fileRef = 860BA67626FEEFBA00504561 /* TaskViewModel.swift */; };
		860BA67926FEF5A300504561 /* TaskRowView.swift in Sources */ = {isa = PBXBuildFile; fileRef = 860BA67826FEF5A300504561 /* TaskRowView.swift */; };
		860BA67D26FF036800504561 /* CreateTaskView.swift in Sources */ = {isa = PBXBuildFile; fileRef = 860BA67C26FF036800504561 /* CreateTaskView.swift */; };
		860BA68026FF26AA00504561 /* TaskStore.swift in Sources */ = {isa = PBXBuildFile; fileRef = 860BA67F26FF26AA00504561 /* TaskStore.swift */; };
		860BA68326FF280500504561 /* Realm in Frameworks */ = {isa = PBXBuildFile; productRef = 860BA68226FF280500504561 /* Realm */; };
		860BA68526FF280500504561 /* RealmSwift in Frameworks */ = {isa = PBXBuildFile; productRef = 860BA68426FF280500504561 /* RealmSwift */; };
		867E431226FEBD9100C9067A /* TodoRealmSwiftUIApp.swift in Sources */ = {isa = PBXBuildFile; fileRef = 867E431126FEBD9100C9067A /* TodoRealmSwiftUIApp.swift */; };
		867E431426FEBD9100C9067A /* ContentView.swift in Sources */ = {isa = PBXBuildFile; fileRef = 867E431326FEBD9100C9067A /* ContentView.swift */; };
		867E431626FEBD9500C9067A /* Assets.xcassets in Resources */ = {isa = PBXBuildFile; fileRef = 867E431526FEBD9500C9067A /* Assets.xcassets */; };
		867E431926FEBD9500C9067A /* Preview Assets.xcassets in Resources */ = {isa = PBXBuildFile; fileRef = 867E431826FEBD9500C9067A /* Preview Assets.xcassets */; };
/* End PBXBuildFile section */

/* Begin PBXFileReference section */
		8607F89A270042B100770627 /* TaskObject.swift */ = {isa = PBXFileReference; lastKnownFileType = sourcecode.swift; path = TaskObject.swift; sourceTree = "<group>"; };
		8607F89C270065F300770627 /* TaskListView.swift */ = {isa = PBXFileReference; lastKnownFileType = sourcecode.swift; path = TaskListView.swift; sourceTree = "<group>"; };
		860BA67326FEC4BE00504561 /* Task.swift */ = {isa = PBXFileReference; lastKnownFileType = sourcecode.swift; path = Task.swift; sourceTree = "<group>"; };
		860BA67626FEEFBA00504561 /* TaskViewModel.swift */ = {isa = PBXFileReference; lastKnownFileType = sourcecode.swift; path = TaskViewModel.swift; sourceTree = "<group>"; };
		860BA67826FEF5A300504561 /* TaskRowView.swift */ = {isa = PBXFileReference; lastKnownFileType = sourcecode.swift; path = TaskRowView.swift; sourceTree = "<group>"; };
		860BA67C26FF036800504561 /* CreateTaskView.swift */ = {isa = PBXFileReference; lastKnownFileType = sourcecode.swift; path = CreateTaskView.swift; sourceTree = "<group>"; };
		860BA67F26FF26AA00504561 /* TaskStore.swift */ = {isa = PBXFileReference; lastKnownFileType = sourcecode.swift; path = TaskStore.swift; sourceTree = "<group>"; };
		867E430E26FEBD9100C9067A /* TodoRealmSwiftUI.app */ = {isa = PBXFileReference; explicitFileType = wrapper.application; includeInIndex = 0; path = TodoRealmSwiftUI.app; sourceTree = BUILT_PRODUCTS_DIR; };
		867E431126FEBD9100C9067A /* TodoRealmSwiftUIApp.swift */ = {isa = PBXFileReference; lastKnownFileType = sourcecode.swift; path = TodoRealmSwiftUIApp.swift; sourceTree = "<group>"; };
		867E431326FEBD9100C9067A /* ContentView.swift */ = {isa = PBXFileReference; lastKnownFileType = sourcecode.swift; path = ContentView.swift; sourceTree = "<group>"; };
		867E431526FEBD9500C9067A /* Assets.xcassets */ = {isa = PBXFileReference; lastKnownFileType = folder.assetcatalog; path = Assets.xcassets; sourceTree = "<group>"; };
		867E431826FEBD9500C9067A /* Preview Assets.xcassets */ = {isa = PBXFileReference; lastKnownFileType = folder.assetcatalog; path = "Preview Assets.xcassets"; sourceTree = "<group>"; };
		867E431A26FEBD9500C9067A /* Info.plist */ = {isa = PBXFileReference; lastKnownFileType = text.plist.xml; path = Info.plist; sourceTree = "<group>"; };
/* End PBXFileReference section */

/* Begin PBXFrameworksBuildPhase section */
		867E430B26FEBD9100C9067A /* Frameworks */ = {
			isa = PBXFrameworksBuildPhase;
			buildActionMask = 2147483647;
			files = (
				860BA68526FF280500504561 /* RealmSwift in Frameworks */,
				860BA68326FF280500504561 /* Realm in Frameworks */,
			);
			runOnlyForDeploymentPostprocessing = 0;
		};
/* End PBXFrameworksBuildPhase section */

/* Begin PBXGroup section */
		860BA67226FEC4A900504561 /* Models */ = {
			isa = PBXGroup;
			children = (
				860BA67326FEC4BE00504561 /* Task.swift */,
			);
			path = Models;
			sourceTree = "<group>";
		};
		860BA67526FEC54100504561 /* ViewModels */ = {
			isa = PBXGroup;
			children = (
				860BA67626FEEFBA00504561 /* TaskViewModel.swift */,
			);
			path = ViewModels;
			sourceTree = "<group>";
		};
		860BA67E26FF266500504561 /* Realm */ = {
			isa = PBXGroup;
			children = (
				860BA67F26FF26AA00504561 /* TaskStore.swift */,
				8607F89A270042B100770627 /* TaskObject.swift */,
			);
			path = Realm;
			sourceTree = "<group>";
		};
		867E430526FEBD9100C9067A = {
			isa = PBXGroup;
			children = (
				867E431026FEBD9100C9067A /* TodoRealmSwiftUI */,
				867E430F26FEBD9100C9067A /* Products */,
			);
			sourceTree = "<group>";
		};
		867E430F26FEBD9100C9067A /* Products */ = {
			isa = PBXGroup;
			children = (
				867E430E26FEBD9100C9067A /* TodoRealmSwiftUI.app */,
			);
			name = Products;
			sourceTree = "<group>";
		};
		867E431026FEBD9100C9067A /* TodoRealmSwiftUI */ = {
			isa = PBXGroup;
			children = (
				867E431126FEBD9100C9067A /* TodoRealmSwiftUIApp.swift */,
				867E431326FEBD9100C9067A /* ContentView.swift */,
				8607F89C270065F300770627 /* TaskListView.swift */,
				860BA67826FEF5A300504561 /* TaskRowView.swift */,
				860BA67C26FF036800504561 /* CreateTaskView.swift */,
				860BA67526FEC54100504561 /* ViewModels */,
				860BA67226FEC4A900504561 /* Models */,
				860BA67E26FF266500504561 /* Realm */,
				867E431526FEBD9500C9067A /* Assets.xcassets */,
				867E431A26FEBD9500C9067A /* Info.plist */,
				867E431726FEBD9500C9067A /* Preview Content */,
			);
			path = TodoRealmSwiftUI;
			sourceTree = "<group>";
		};
		867E431726FEBD9500C9067A /* Preview Content */ = {
			isa = PBXGroup;
			children = (
				867E431826FEBD9500C9067A /* Preview Assets.xcassets */,
			);
			path = "Preview Content";
			sourceTree = "<group>";
		};
/* End PBXGroup section */

/* Begin PBXNativeTarget section */
		867E430D26FEBD9100C9067A /* TodoRealmSwiftUI */ = {
			isa = PBXNativeTarget;
			buildConfigurationList = 867E431D26FEBD9500C9067A /* Build configuration list for PBXNativeTarget "TodoRealmSwiftUI" */;
			buildPhases = (
				867E430A26FEBD9100C9067A /* Sources */,
				867E430B26FEBD9100C9067A /* Frameworks */,
				867E430C26FEBD9100C9067A /* Resources */,
			);
			buildRules = (
			);
			dependencies = (
			);
			name = TodoRealmSwiftUI;
			packageProductDependencies = (
				860BA68226FF280500504561 /* Realm */,
				860BA68426FF280500504561 /* RealmSwift */,
			);
			productName = TodoRealmSwiftUI;
			productReference = 867E430E26FEBD9100C9067A /* TodoRealmSwiftUI.app */;
			productType = "com.apple.product-type.application";
		};
/* End PBXNativeTarget section */

/* Begin PBXProject section */
		867E430626FEBD9100C9067A /* Project object */ = {
			isa = PBXProject;
			attributes = {
				LastSwiftUpdateCheck = 1250;
				LastUpgradeCheck = 1250;
				TargetAttributes = {
					867E430D26FEBD9100C9067A = {
						CreatedOnToolsVersion = 12.5.1;
					};
				};
			};
			buildConfigurationList = 867E430926FEBD9100C9067A /* Build configuration list for PBXProject "TodoRealmSwiftUI" */;
			compatibilityVersion = "Xcode 9.3";
			developmentRegion = en;
			hasScannedForEncodings = 0;
			knownRegions = (
				en,
				Base,
			);
			mainGroup = 867E430526FEBD9100C9067A;
			packageReferences = (
				860BA68126FF280500504561 /* XCRemoteSwiftPackageReference "realm-cocoa" */,
			);
			productRefGroup = 867E430F26FEBD9100C9067A /* Products */;
			projectDirPath = "";
			projectRoot = "";
			targets = (
				867E430D26FEBD9100C9067A /* TodoRealmSwiftUI */,
			);
		};
/* End PBXProject section */

/* Begin PBXResourcesBuildPhase section */
		867E430C26FEBD9100C9067A /* Resources */ = {
			isa = PBXResourcesBuildPhase;
			buildActionMask = 2147483647;
			files = (
				867E431926FEBD9500C9067A /* Preview Assets.xcassets in Resources */,
				867E431626FEBD9500C9067A /* Assets.xcassets in Resources */,
			);
			runOnlyForDeploymentPostprocessing = 0;
		};
/* End PBXResourcesBuildPhase section */

/* Begin PBXSourcesBuildPhase section */
		867E430A26FEBD9100C9067A /* Sources */ = {
			isa = PBXSourcesBuildPhase;
			buildActionMask = 2147483647;
			files = (
				860BA67926FEF5A300504561 /* TaskRowView.swift in Sources */,
				867E431426FEBD9100C9067A /* ContentView.swift in Sources */,
				8607F89D270065F300770627 /* TaskListView.swift in Sources */,
				860BA67726FEEFBA00504561 /* TaskViewModel.swift in Sources */,
				860BA67D26FF036800504561 /* CreateTaskView.swift in Sources */,
				860BA67426FEC4BE00504561 /* Task.swift in Sources */,
				8607F89B270042B100770627 /* TaskObject.swift in Sources */,
				867E431226FEBD9100C9067A /* TodoRealmSwiftUIApp.swift in Sources */,
				860BA68026FF26AA00504561 /* TaskStore.swift in Sources */,
			);
			runOnlyForDeploymentPostprocessing = 0;
		};
/* End PBXSourcesBuildPhase section */

/* Begin XCBuildConfiguration section */
		867E431B26FEBD9500C9067A /* Debug */ = {
			isa = XCBuildConfiguration;
			buildSettings = {
				ALWAYS_SEARCH_USER_PATHS = NO;
				CLANG_ANALYZER_NONNULL = YES;
				CLANG_ANALYZER_NUMBER_OBJECT_CONVERSION = YES_AGGRESSIVE;
				CLANG_CXX_LANGUAGE_STANDARD = "gnu++14";
				CLANG_CXX_LIBRARY = "libc++";
				CLANG_ENABLE_MODULES = YES;
				CLANG_ENABLE_OBJC_ARC = YES;
				CLANG_ENABLE_OBJC_WEAK = YES;
				CLANG_WARN_BLOCK_CAPTURE_AUTORELEASING = YES;
				CLANG_WARN_BOOL_CONVERSION = YES;
				CLANG_WARN_COMMA = YES;
				CLANG_WARN_CONSTANT_CONVERSION = YES;
				CLANG_WARN_DEPRECATED_OBJC_IMPLEMENTATIONS = YES;
				CLANG_WARN_DIRECT_OBJC_ISA_USAGE = YES_ERROR;
				CLANG_WARN_DOCUMENTATION_COMMENTS = YES;
				CLANG_WARN_EMPTY_BODY = YES;
				CLANG_WARN_ENUM_CONVERSION = YES;
				CLANG_WARN_INFINITE_RECURSION = YES;
				CLANG_WARN_INT_CONVERSION = YES;
				CLANG_WARN_NON_LITERAL_NULL_CONVERSION = YES;
				CLANG_WARN_OBJC_IMPLICIT_RETAIN_SELF = YES;
				CLANG_WARN_OBJC_LITERAL_CONVERSION = YES;
				CLANG_WARN_OBJC_ROOT_CLASS = YES_ERROR;
				CLANG_WARN_QUOTED_INCLUDE_IN_FRAMEWORK_HEADER = YES;
				CLANG_WARN_RANGE_LOOP_ANALYSIS = YES;
				CLANG_WARN_STRICT_PROTOTYPES = YES;
				CLANG_WARN_SUSPICIOUS_MOVE = YES;
				CLANG_WARN_UNGUARDED_AVAILABILITY = YES_AGGRESSIVE;
				CLANG_WARN_UNREACHABLE_CODE = YES;
				CLANG_WARN__DUPLICATE_METHOD_MATCH = YES;
				COPY_PHASE_STRIP = NO;
				DEBUG_INFORMATION_FORMAT = dwarf;
				ENABLE_STRICT_OBJC_MSGSEND = YES;
				ENABLE_TESTABILITY = YES;
				GCC_C_LANGUAGE_STANDARD = gnu11;
				GCC_DYNAMIC_NO_PIC = NO;
				GCC_NO_COMMON_BLOCKS = YES;
				GCC_OPTIMIZATION_LEVEL = 0;
				GCC_PREPROCESSOR_DEFINITIONS = (
					"DEBUG=1",
					"$(inherited)",
				);
				GCC_WARN_64_TO_32_BIT_CONVERSION = YES;
				GCC_WARN_ABOUT_RETURN_TYPE = YES_ERROR;
				GCC_WARN_UNDECLARED_SELECTOR = YES;
				GCC_WARN_UNINITIALIZED_AUTOS = YES_AGGRESSIVE;
				GCC_WARN_UNUSED_FUNCTION = YES;
				GCC_WARN_UNUSED_VARIABLE = YES;
				IPHONEOS_DEPLOYMENT_TARGET = 14.5;
				MTL_ENABLE_DEBUG_INFO = INCLUDE_SOURCE;
				MTL_FAST_MATH = YES;
				ONLY_ACTIVE_ARCH = YES;
				SDKROOT = iphoneos;
				SWIFT_ACTIVE_COMPILATION_CONDITIONS = DEBUG;
				SWIFT_OPTIMIZATION_LEVEL = "-Onone";
			};
			name = Debug;
		};
		867E431C26FEBD9500C9067A /* Release */ = {
			isa = XCBuildConfiguration;
			buildSettings = {
				ALWAYS_SEARCH_USER_PATHS = NO;
				CLANG_ANALYZER_NONNULL = YES;
				CLANG_ANALYZER_NUMBER_OBJECT_CONVERSION = YES_AGGRESSIVE;
				CLANG_CXX_LANGUAGE_STANDARD = "gnu++14";
				CLANG_CXX_LIBRARY = "libc++";
				CLANG_ENABLE_MODULES = YES;
				CLANG_ENABLE_OBJC_ARC = YES;
				CLANG_ENABLE_OBJC_WEAK = YES;
				CLANG_WARN_BLOCK_CAPTURE_AUTORELEASING = YES;
				CLANG_WARN_BOOL_CONVERSION = YES;
				CLANG_WARN_COMMA = YES;
				CLANG_WARN_CONSTANT_CONVERSION = YES;
				CLANG_WARN_DEPRECATED_OBJC_IMPLEMENTATIONS = YES;
				CLANG_WARN_DIRECT_OBJC_ISA_USAGE = YES_ERROR;
				CLANG_WARN_DOCUMENTATION_COMMENTS = YES;
				CLANG_WARN_EMPTY_BODY = YES;
				CLANG_WARN_ENUM_CONVERSION = YES;
				CLANG_WARN_INFINITE_RECURSION = YES;
				CLANG_WARN_INT_CONVERSION = YES;
				CLANG_WARN_NON_LITERAL_NULL_CONVERSION = YES;
				CLANG_WARN_OBJC_IMPLICIT_RETAIN_SELF = YES;
				CLANG_WARN_OBJC_LITERAL_CONVERSION = YES;
				CLANG_WARN_OBJC_ROOT_CLASS = YES_ERROR;
				CLANG_WARN_QUOTED_INCLUDE_IN_FRAMEWORK_HEADER = YES;
				CLANG_WARN_RANGE_LOOP_ANALYSIS = YES;
				CLANG_WARN_STRICT_PROTOTYPES = YES;
				CLANG_WARN_SUSPICIOUS_MOVE = YES;
				CLANG_WARN_UNGUARDED_AVAILABILITY = YES_AGGRESSIVE;
				CLANG_WARN_UNREACHABLE_CODE = YES;
				CLANG_WARN__DUPLICATE_METHOD_MATCH = YES;
				COPY_PHASE_STRIP = NO;
				DEBUG_INFORMATION_FORMAT = "dwarf-with-dsym";
				ENABLE_NS_ASSERTIONS = NO;
				ENABLE_STRICT_OBJC_MSGSEND = YES;
				GCC_C_LANGUAGE_STANDARD = gnu11;
				GCC_NO_COMMON_BLOCKS = YES;
				GCC_WARN_64_TO_32_BIT_CONVERSION = YES;
				GCC_WARN_ABOUT_RETURN_TYPE = YES_ERROR;
				GCC_WARN_UNDECLARED_SELECTOR = YES;
				GCC_WARN_UNINITIALIZED_AUTOS = YES_AGGRESSIVE;
				GCC_WARN_UNUSED_FUNCTION = YES;
				GCC_WARN_UNUSED_VARIABLE = YES;
				IPHONEOS_DEPLOYMENT_TARGET = 14.5;
				MTL_ENABLE_DEBUG_INFO = NO;
				MTL_FAST_MATH = YES;
				SDKROOT = iphoneos;
				SWIFT_COMPILATION_MODE = wholemodule;
				SWIFT_OPTIMIZATION_LEVEL = "-O";
				VALIDATE_PRODUCT = YES;
			};
			name = Release;
		};
		867E431E26FEBD9500C9067A /* Debug */ = {
			isa = XCBuildConfiguration;
			buildSettings = {
				ASSETCATALOG_COMPILER_APPICON_NAME = AppIcon;
				ASSETCATALOG_COMPILER_GLOBAL_ACCENT_COLOR_NAME = AccentColor;
				CODE_SIGN_STYLE = Automatic;
				DEVELOPMENT_ASSET_PATHS = "\"TodoRealmSwiftUI/Preview Content\"";
				ENABLE_PREVIEWS = YES;
				INFOPLIST_FILE = TodoRealmSwiftUI/Info.plist;
				IPHONEOS_DEPLOYMENT_TARGET = 14.0;
				LD_RUNPATH_SEARCH_PATHS = (
					"$(inherited)",
					"@executable_path/Frameworks",
				);
				PRODUCT_BUNDLE_IDENTIFIER = com.example.TodoRealmSwiftUI;
				PRODUCT_NAME = "$(TARGET_NAME)";
				SWIFT_VERSION = 5.0;
				TARGETED_DEVICE_FAMILY = "1,2";
			};
			name = Debug;
		};
		867E431F26FEBD9500C9067A /* Release */ = {
			isa = XCBuildConfiguration;
			buildSettings = {
				ASSETCATALOG_COMPILER_APPICON_NAME = AppIcon;
				ASSETCATALOG_COMPILER_GLOBAL_ACCENT_COLOR_NAME = AccentColor;
				CODE_SIGN_STYLE = Automatic;
				DEVELOPMENT_ASSET_PATHS = "\"TodoRealmSwiftUI/Preview Content\"";
				ENABLE_PREVIEWS = YES;
				INFOPLIST_FILE = TodoRealmSwiftUI/Info.plist;
				IPHONEOS_DEPLOYMENT_TARGET = 14.0;
				LD_RUNPATH_SEARCH_PATHS = (
					"$(inherited)",
					"@executable_path/Frameworks",
				);
				PRODUCT_BUNDLE_IDENTIFIER = com.example.TodoRealmSwiftUI;
				PRODUCT_NAME = "$(TARGET_NAME)";
				SWIFT_VERSION = 5.0;
				TARGETED_DEVICE_FAMILY = "1,2";
			};
			name = Release;
		};
/* End XCBuildConfiguration section */

/* Begin XCConfigurationList section */
		867E430926FEBD9100C9067A /* Build configuration list for PBXProject "TodoRealmSwiftUI" */ = {
			isa = XCConfigurationList;
			buildConfigurations = (
				867E431B26FEBD9500C9067A /* Debug */,
				867E431C26FEBD9500C9067A /* Release */,
			);
			defaultConfigurationIsVisible = 0;
			defaultConfigurationName = Release;
		};
		867E431D26FEBD9500C9067A /* Build configuration list for PBXNativeTarget "TodoRealmSwiftUI" */ = {
			isa = XCConfigurationList;
			buildConfigurations = (
				867E431E26FEBD9500C9067A /* Debug */,
				867E431F26FEBD9500C9067A /* Release */,
			);
			defaultConfigurationIsVisible = 0;
			defaultConfigurationName = Release;
		};
/* End XCConfigurationList section */

/* Begin XCRemoteSwiftPackageReference section */
		860BA68126FF280500504561 /* XCRemoteSwiftPackageReference "realm-cocoa" */ = {
			isa = XCRemoteSwiftPackageReference;
			repositoryURL = "https://github.com/realm/realm-cocoa.git";
			requirement = {
				kind = upToNextMajorVersion;
				minimumVersion = 10.15.1;
			};
		};
/* End XCRemoteSwiftPackageReference section */

/* Begin XCSwiftPackageProductDependency section */
		860BA68226FF280500504561 /* Realm */ = {
			isa = XCSwiftPackageProductDependency;
			package = 860BA68126FF280500504561 /* XCRemoteSwiftPackageReference "realm-cocoa" */;
			productName = Realm;
		};
		860BA68426FF280500504561 /* RealmSwift */ = {
			isa = XCSwiftPackageProductDependency;
			package = 860BA68126FF280500504561 /* XCRemoteSwiftPackageReference "realm-cocoa" */;
			productName = RealmSwift;
		};
/* End XCSwiftPackageProductDependency section */
	};
	rootObject = 867E430626FEBD9100C9067A /* Project object */;
}
